{
  "originHash" : "26b44fdf9b371a85307ee851538906ace2fe8da579755564ea6758bcc7cb2254",
  "pins" : [
    {
      "identity" : "opalcrypto",
      "kind" : "remoteSourceControl",
      "location" : "https://github.com/58opals/OpalCrypto.git",
      "state" : {
        "branch" : "develop",
        "revision" : "1f5364cc0de8a45b217c9efd90dc7ef037ec407f"
      }
    },
    {
      "identity" : "opaldiagnostics",
      "kind" : "remoteSourceControl",
      "location" : "https://github.com/58opals/OpalDiagnostics.git",
      "state" : {
        "branch" : "develop",
        "revision" : "faa4a9a0d88b1ee3624ee6386cb9b3c6be24beaa"
      }
    },
    {
      "identity" : "swift-protobuf",
      "kind" : "remoteSourceControl",
      "location" : "https://github.com/apple/swift-protobuf.git",
      "state" : {
        "branch" : "main",
        "revision" : "9d87f9fc7809a53bad392a70e75e7039b1b52aa3"
      }
    }
  ],
  "version" : 3
}
