{
  "originHash" : "50ad7a75fbbce237c7d341454bf4afe900eaa4220a9f8af0786075da60ee22e5",
  "pins" : [
    {
      "identity" : "opalcrypto",
      "kind" : "remoteSourceControl",
      "location" : "https://github.com/58opals/OpalCrypto.git",
      "state" : {
        "branch" : "develop",
        "revision" : "510451a0674260e31c6752edaa9b846f3ba1098c"
      }
    },
    {
      "identity" : "opaldiagnostics",
      "kind" : "remoteSourceControl",
      "location" : "https://github.com/58opals/OpalDiagnostics.git",
      "state" : {
        "revision" : "8c42eeb40d64776789e70694e4e5006d2afa400c",
        "version" : "0.2.0"
      }
    }
  ],
  "version" : 3
}
