{
  "originHash" : "b42292835feff01b6a37399b91adfd481a4f048b28ce142680e8034743dd5892",
  "pins" : [
    {
      "identity" : "opalcrypto",
      "kind" : "remoteSourceControl",
      "location" : "https://github.com/58opals/OpalCrypto.git",
      "state" : {
        "branch" : "develop",
        "revision" : "aca3d5a524970f896b97826b829b5a8e93af4d6f"
      }
    },
    {
      "identity" : "opaldiagnostics",
      "kind" : "remoteSourceControl",
      "location" : "https://github.com/58opals/OpalDiagnostics.git",
      "state" : {
        "branch" : "develop",
        "revision" : "c3556731176e2be04c90d5542cf7049c8abe1f79"
      }
    }
  ],
  "version" : 3
}
